// !$*UTF8*$!
{
	archiveVersion = 1;
	classes = {
	};
	objectVersion = 46;
	objects = {

/* Begin PBXBuildFile section */
		EE01786D1D8DFE4900365C1C /* FailViewController.m in Sources */ = {isa = PBXBuildFile; fileRef = EE01786C1D8DFE4900365C1C /* FailViewController.m */; };
		EE096F741D8C8F8000B5958D /* main.m in Sources */ = {isa = PBXBuildFile; fileRef = EE096F731D8C8F8000B5958D /* main.m */; };
		EE096F771D8C8F8000B5958D /* AppDelegate.m in Sources */ = {isa = PBXBuildFile; fileRef = EE096F761D8C8F8000B5958D /* AppDelegate.m */; };
		EE096F7D1D8C8F8000B5958D /* Main.storyboard in Resources */ = {isa = PBXBuildFile; fileRef = EE096F7B1D8C8F8000B5958D /* Main.storyboard */; };
		EE096F7F1D8C8F8000B5958D /* Assets.xcassets in Resources */ = {isa = PBXBuildFile; fileRef = EE096F7E1D8C8F8000B5958D /* Assets.xcassets */; };
		EE096F821D8C8F8000B5958D /* LaunchScreen.storyboard in Resources */ = {isa = PBXBuildFile; fileRef = EE096F801D8C8F8000B5958D /* LaunchScreen.storyboard */; };
		EE096F8D1D8C8F8000B5958D /* HackCMUTests.m in Sources */ = {isa = PBXBuildFile; fileRef = EE096F8C1D8C8F8000B5958D /* HackCMUTests.m */; };
		EE096F981D8C8F8000B5958D /* HackCMUUITests.m in Sources */ = {isa = PBXBuildFile; fileRef = EE096F971D8C8F8000B5958D /* HackCMUUITests.m */; };
		EE37BF2C1D8CA4200054419E /* NodeView.m in Sources */ = {isa = PBXBuildFile; fileRef = EE37BF2B1D8CA4200054419E /* NodeView.m */; };
		EE37BF321D8CACA70054419E /* StartViewViewController.m in Sources */ = {isa = PBXBuildFile; fileRef = EE37BF311D8CACA70054419E /* StartViewViewController.m */; };
		EE37BF351D8CACB90054419E /* GameViewController.m in Sources */ = {isa = PBXBuildFile; fileRef = EE37BF341D8CACB90054419E /* GameViewController.m */; };
		EE37BF381D8CACBD0054419E /* EndViewController.m in Sources */ = {isa = PBXBuildFile; fileRef = EE37BF371D8CACBD0054419E /* EndViewController.m */; };
		EE37BF511D8CBC820054419E /* CFile.c in Sources */ = {isa = PBXBuildFile; fileRef = EE37BF4F1D8CBC820054419E /* CFile.c */; };
		EE37BF541D8CEE950054419E /* LinkCAShapeLayer.m in Sources */ = {isa = PBXBuildFile; fileRef = EE37BF531D8CEE950054419E /* LinkCAShapeLayer.m */; };
/* End PBXBuildFile section */

/* Begin PBXContainerItemProxy section */
		EE096F891D8C8F8000B5958D /* PBXContainerItemProxy */ = {
			isa = PBXContainerItemProxy;
			containerPortal = EE096F671D8C8F8000B5958D /* Project object */;
			proxyType = 1;
			remoteGlobalIDString = EE096F6E1D8C8F8000B5958D;
			remoteInfo = HackCMU;
		};
		EE096F941D8C8F8000B5958D /* PBXContainerItemProxy */ = {
			isa = PBXContainerItemProxy;
			containerPortal = EE096F671D8C8F8000B5958D /* Project object */;
			proxyType = 1;
			remoteGlobalIDString = EE096F6E1D8C8F8000B5958D;
			remoteInfo = HackCMU;
		};
/* End PBXContainerItemProxy section */

/* Begin PBXFileReference section */
		EE01786B1D8DFE4900365C1C /* FailViewController.h */ = {isa = PBXFileReference; fileEncoding = 4; lastKnownFileType = sourcecode.c.h; path = FailViewController.h; sourceTree = "<group>"; };
		EE01786C1D8DFE4900365C1C /* FailViewController.m */ = {isa = PBXFileReference; fileEncoding = 4; lastKnownFileType = sourcecode.c.objc; path = FailViewController.m; sourceTree = "<group>"; };
		EE096F6F1D8C8F8000B5958D /* HackCMU.app */ = {isa = PBXFileReference; explicitFileType = wrapper.application; includeInIndex = 0; path = HackCMU.app; sourceTree = BUILT_PRODUCTS_DIR; };
		EE096F731D8C8F8000B5958D /* main.m */ = {isa = PBXFileReference; lastKnownFileType = sourcecode.c.objc; path = main.m; sourceTree = "<group>"; };
		EE096F751D8C8F8000B5958D /* AppDelegate.h */ = {isa = PBXFileReference; lastKnownFileType = sourcecode.c.h; path = AppDelegate.h; sourceTree = "<group>"; };
		EE096F761D8C8F8000B5958D /* AppDelegate.m */ = {isa = PBXFileReference; lastKnownFileType = sourcecode.c.objc; path = AppDelegate.m; sourceTree = "<group>"; };
		EE096F7C1D8C8F8000B5958D /* Base */ = {isa = PBXFileReference; lastKnownFileType = file.storyboard; name = Base; path = Base.lproj/Main.storyboard; sourceTree = "<group>"; };
		EE096F7E1D8C8F8000B5958D /* Assets.xcassets */ = {isa = PBXFileReference; lastKnownFileType = folder.assetcatalog; path = Assets.xcassets; sourceTree = "<group>"; };
		EE096F811D8C8F8000B5958D /* Base */ = {isa = PBXFileReference; lastKnownFileType = file.storyboard; name = Base; path = Base.lproj/LaunchScreen.storyboard; sourceTree = "<group>"; };
		EE096F831D8C8F8000B5958D /* Info.plist */ = {isa = PBXFileReference; lastKnownFileType = text.plist.xml; path = Info.plist; sourceTree = "<group>"; };
		EE096F881D8C8F8000B5958D /* HackCMUTests.xctest */ = {isa = PBXFileReference; explicitFileType = wrapper.cfbundle; includeInIndex = 0; path = HackCMUTests.xctest; sourceTree = BUILT_PRODUCTS_DIR; };
		EE096F8C1D8C8F8000B5958D /* HackCMUTests.m */ = {isa = PBXFileReference; lastKnownFileType = sourcecode.c.objc; path = HackCMUTests.m; sourceTree = "<group>"; };
		EE096F8E1D8C8F8000B5958D /* Info.plist */ = {isa = PBXFileReference; lastKnownFileType = text.plist.xml; path = Info.plist; sourceTree = "<group>"; };
		EE096F931D8C8F8000B5958D /* HackCMUUITests.xctest */ = {isa = PBXFileReference; explicitFileType = wrapper.cfbundle; includeInIndex = 0; path = HackCMUUITests.xctest; sourceTree = BUILT_PRODUCTS_DIR; };
		EE096F971D8C8F8000B5958D /* HackCMUUITests.m */ = {isa = PBXFileReference; lastKnownFileType = sourcecode.c.objc; path = HackCMUUITests.m; sourceTree = "<group>"; };
		EE096F991D8C8F8000B5958D /* Info.plist */ = {isa = PBXFileReference; lastKnownFileType = text.plist.xml; path = Info.plist; sourceTree = "<group>"; };
		EE37BF2A1D8CA4200054419E /* NodeView.h */ = {isa = PBXFileReference; fileEncoding = 4; lastKnownFileType = sourcecode.c.h; path = NodeView.h; sourceTree = "<group>"; };
		EE37BF2B1D8CA4200054419E /* NodeView.m */ = {isa = PBXFileReference; fileEncoding = 4; lastKnownFileType = sourcecode.c.objc; path = NodeView.m; sourceTree = "<group>"; };
		EE37BF301D8CACA70054419E /* StartViewViewController.h */ = {isa = PBXFileReference; fileEncoding = 4; lastKnownFileType = sourcecode.c.h; name = StartViewViewController.h; path = ../StartViewViewController.h; sourceTree = "<group>"; };
		EE37BF311D8CACA70054419E /* StartViewViewController.m */ = {isa = PBXFileReference; fileEncoding = 4; lastKnownFileType = sourcecode.c.objc; name = StartViewViewController.m; path = ../StartViewViewController.m; sourceTree = "<group>"; };
		EE37BF331D8CACB90054419E /* GameViewController.h */ = {isa = PBXFileReference; fileEncoding = 4; lastKnownFileType = sourcecode.c.h; name = GameViewController.h; path = ../GameViewController.h; sourceTree = "<group>"; };
		EE37BF341D8CACB90054419E /* GameViewController.m */ = {isa = PBXFileReference; fileEncoding = 4; lastKnownFileType = sourcecode.c.objc; name = GameViewController.m; path = ../GameViewController.m; sourceTree = "<group>"; };
		EE37BF361D8CACBD0054419E /* EndViewController.h */ = {isa = PBXFileReference; fileEncoding = 4; lastKnownFileType = sourcecode.c.h; name = EndViewController.h; path = ../EndViewController.h; sourceTree = "<group>"; };
		EE37BF371D8CACBD0054419E /* EndViewController.m */ = {isa = PBXFileReference; fileEncoding = 4; lastKnownFileType = sourcecode.c.objc; name = EndViewController.m; path = ../EndViewController.m; sourceTree = "<group>"; };
		EE37BF4F1D8CBC820054419E /* CFile.c */ = {isa = PBXFileReference; fileEncoding = 4; lastKnownFileType = sourcecode.c.c; name = CFile.c; path = ../CFile.c; sourceTree = "<group>"; };
		EE37BF501D8CBC820054419E /* CFile.h */ = {isa = PBXFileReference; fileEncoding = 4; lastKnownFileType = sourcecode.c.h; name = CFile.h; path = ../CFile.h; sourceTree = "<group>"; };
		EE37BF521D8CEE950054419E /* LinkCAShapeLayer.h */ = {isa = PBXFileReference; fileEncoding = 4; lastKnownFileType = sourcecode.c.h; path = LinkCAShapeLayer.h; sourceTree = "<group>"; };
		EE37BF531D8CEE950054419E /* LinkCAShapeLayer.m */ = {isa = PBXFileReference; fileEncoding = 4; lastKnownFileType = sourcecode.c.objc; path = LinkCAShapeLayer.m; sourceTree = "<group>"; };
/* End PBXFileReference section */

/* Begin PBXFrameworksBuildPhase section */
		EE096F6C1D8C8F8000B5958D /* Frameworks */ = {
			isa = PBXFrameworksBuildPhase;
			buildActionMask = 2147483647;
			files = (
			);
			runOnlyForDeploymentPostprocessing = 0;
		};
		EE096F851D8C8F8000B5958D /* Frameworks */ = {
			isa = PBXFrameworksBuildPhase;
			buildActionMask = 2147483647;
			files = (
			);
			runOnlyForDeploymentPostprocessing = 0;
		};
		EE096F901D8C8F8000B5958D /* Frameworks */ = {
			isa = PBXFrameworksBuildPhase;
			buildActionMask = 2147483647;
			files = (
			);
			runOnlyForDeploymentPostprocessing = 0;
		};
/* End PBXFrameworksBuildPhase section */

/* Begin PBXGroup section */
		EE096F661D8C8F8000B5958D = {
			isa = PBXGroup;
			children = (
				EE096F711D8C8F8000B5958D /* HackCMU */,
				EE096F8B1D8C8F8000B5958D /* HackCMUTests */,
				EE096F961D8C8F8000B5958D /* HackCMUUITests */,
				EE096F701D8C8F8000B5958D /* Products */,
			);
			sourceTree = "<group>";
		};
		EE096F701D8C8F8000B5958D /* Products */ = {
			isa = PBXGroup;
			children = (
				EE096F6F1D8C8F8000B5958D /* HackCMU.app */,
				EE096F881D8C8F8000B5958D /* HackCMUTests.xctest */,
				EE096F931D8C8F8000B5958D /* HackCMUUITests.xctest */,
			);
			name = Products;
			sourceTree = "<group>";
		};
		EE096F711D8C8F8000B5958D /* HackCMU */ = {
			isa = PBXGroup;
			children = (
				EE37BF4F1D8CBC820054419E /* CFile.c */,
				EE37BF501D8CBC820054419E /* CFile.h */,
				EE37BF331D8CACB90054419E /* GameViewController.h */,
				EE37BF341D8CACB90054419E /* GameViewController.m */,
				EE01786B1D8DFE4900365C1C /* FailViewController.h */,
				EE01786C1D8DFE4900365C1C /* FailViewController.m */,
				EE37BF521D8CEE950054419E /* LinkCAShapeLayer.h */,
				EE37BF531D8CEE950054419E /* LinkCAShapeLayer.m */,
				EE37BF361D8CACBD0054419E /* EndViewController.h */,
				EE37BF371D8CACBD0054419E /* EndViewController.m */,
				EE37BF301D8CACA70054419E /* StartViewViewController.h */,
				EE37BF311D8CACA70054419E /* StartViewViewController.m */,
				EE096F751D8C8F8000B5958D /* AppDelegate.h */,
				EE096F761D8C8F8000B5958D /* AppDelegate.m */,
				EE37BF2A1D8CA4200054419E /* NodeView.h */,
				EE37BF2B1D8CA4200054419E /* NodeView.m */,
				EE096F7B1D8C8F8000B5958D /* Main.storyboard */,
				EE096F7E1D8C8F8000B5958D /* Assets.xcassets */,
				EE096F801D8C8F8000B5958D /* LaunchScreen.storyboard */,
				EE096F831D8C8F8000B5958D /* Info.plist */,
				EE096F721D8C8F8000B5958D /* Supporting Files */,
			);
			path = HackCMU;
			sourceTree = "<group>";
		};
		EE096F721D8C8F8000B5958D /* Supporting Files */ = {
			isa = PBXGroup;
			children = (
				EE096F731D8C8F8000B5958D /* main.m */,
			);
			name = "Supporting Files";
			sourceTree = "<group>";
		};
		EE096F8B1D8C8F8000B5958D /* HackCMUTests */ = {
			isa = PBXGroup;
			children = (
				EE096F8C1D8C8F8000B5958D /* HackCMUTests.m */,
				EE096F8E1D8C8F8000B5958D /* Info.plist */,
			);
			path = HackCMUTests;
			sourceTree = "<group>";
		};
		EE096F961D8C8F8000B5958D /* HackCMUUITests */ = {
			isa = PBXGroup;
			children = (
				EE096F971D8C8F8000B5958D /* HackCMUUITests.m */,
				EE096F991D8C8F8000B5958D /* Info.plist */,
			);
			path = HackCMUUITests;
			sourceTree = "<group>";
		};
/* End PBXGroup section */

/* Begin PBXNativeTarget section */
		EE096F6E1D8C8F8000B5958D /* HackCMU */ = {
			isa = PBXNativeTarget;
			buildConfigurationList = EE096F9C1D8C8F8000B5958D /* Build configuration list for PBXNativeTarget "HackCMU" */;
			buildPhases = (
				EE096F6B1D8C8F8000B5958D /* Sources */,
				EE096F6C1D8C8F8000B5958D /* Frameworks */,
				EE096F6D1D8C8F8000B5958D /* Resources */,
			);
			buildRules = (
			);
			dependencies = (
			);
			name = HackCMU;
			productName = HackCMU;
			productReference = EE096F6F1D8C8F8000B5958D /* HackCMU.app */;
			productType = "com.apple.product-type.application";
		};
		EE096F871D8C8F8000B5958D /* HackCMUTests */ = {
			isa = PBXNativeTarget;
			buildConfigurationList = EE096F9F1D8C8F8000B5958D /* Build configuration list for PBXNativeTarget "HackCMUTests" */;
			buildPhases = (
				EE096F841D8C8F8000B5958D /* Sources */,
				EE096F851D8C8F8000B5958D /* Frameworks */,
				EE096F861D8C8F8000B5958D /* Resources */,
			);
			buildRules = (
			);
			dependencies = (
				EE096F8A1D8C8F8000B5958D /* PBXTargetDependency */,
			);
			name = HackCMUTests;
			productName = HackCMUTests;
			productReference = EE096F881D8C8F8000B5958D /* HackCMUTests.xctest */;
			productType = "com.apple.product-type.bundle.unit-test";
		};
		EE096F921D8C8F8000B5958D /* HackCMUUITests */ = {
			isa = PBXNativeTarget;
			buildConfigurationList = EE096FA21D8C8F8000B5958D /* Build configuration list for PBXNativeTarget "HackCMUUITests" */;
			buildPhases = (
				EE096F8F1D8C8F8000B5958D /* Sources */,
				EE096F901D8C8F8000B5958D /* Frameworks */,
				EE096F911D8C8F8000B5958D /* Resources */,
			);
			buildRules = (
			);
			dependencies = (
				EE096F951D8C8F8000B5958D /* PBXTargetDependency */,
			);
			name = HackCMUUITests;
			productName = HackCMUUITests;
			productReference = EE096F931D8C8F8000B5958D /* HackCMUUITests.xctest */;
			productType = "com.apple.product-type.bundle.ui-testing";
		};
/* End PBXNativeTarget section */

/* Begin PBXProject section */
		EE096F671D8C8F8000B5958D /* Project object */ = {
			isa = PBXProject;
			attributes = {
				LastUpgradeCheck = 0730;
				ORGANIZATIONNAME = "Dustin Liu";
				TargetAttributes = {
					EE096F6E1D8C8F8000B5958D = {
						CreatedOnToolsVersion = 7.3.1;
						DevelopmentTeam = B8J5EXJC9U;
					};
					EE096F871D8C8F8000B5958D = {
						CreatedOnToolsVersion = 7.3.1;
						DevelopmentTeam = B8J5EXJC9U;
						TestTargetID = EE096F6E1D8C8F8000B5958D;
					};
					EE096F921D8C8F8000B5958D = {
						CreatedOnToolsVersion = 7.3.1;
						DevelopmentTeam = B8J5EXJC9U;
						TestTargetID = EE096F6E1D8C8F8000B5958D;
					};
				};
			};
			buildConfigurationList = EE096F6A1D8C8F8000B5958D /* Build configuration list for PBXProject "HackCMU" */;
			compatibilityVersion = "Xcode 3.2";
			developmentRegion = English;
			hasScannedForEncodings = 0;
			knownRegions = (
				en,
				Base,
			);
			mainGroup = EE096F661D8C8F8000B5958D;
			productRefGroup = EE096F701D8C8F8000B5958D /* Products */;
			projectDirPath = "";
			projectRoot = "";
			targets = (
				EE096F6E1D8C8F8000B5958D /* HackCMU */,
				EE096F871D8C8F8000B5958D /* HackCMUTests */,
				EE096F921D8C8F8000B5958D /* HackCMUUITests */,
			);
		};
/* End PBXProject section */

/* Begin PBXResourcesBuildPhase section */
		EE096F6D1D8C8F8000B5958D /* Resources */ = {
			isa = PBXResourcesBuildPhase;
			buildActionMask = 2147483647;
			files = (
				EE096F821D8C8F8000B5958D /* LaunchScreen.storyboard in Resources */,
				EE096F7F1D8C8F8000B5958D /* Assets.xcassets in Resources */,
				EE096F7D1D8C8F8000B5958D /* Main.storyboard in Resources */,
			);
			runOnlyForDeploymentPostprocessing = 0;
		};
		EE096F861D8C8F8000B5958D /* Resources */ = {
			isa = PBXResourcesBuildPhase;
			buildActionMask = 2147483647;
			files = (
			);
			runOnlyForDeploymentPostprocessing = 0;
		};
		EE096F911D8C8F8000B5958D /* Resources */ = {
			isa = PBXResourcesBuildPhase;
			buildActionMask = 2147483647;
			files = (
			);
			runOnlyForDeploymentPostprocessing = 0;
		};
/* End PBXResourcesBuildPhase section */

/* Begin PBXSourcesBuildPhase section */
		EE096F6B1D8C8F8000B5958D /* Sources */ = {
			isa = PBXSourcesBuildPhase;
			buildActionMask = 2147483647;
			files = (
				EE37BF2C1D8CA4200054419E /* NodeView.m in Sources */,
				EE37BF351D8CACB90054419E /* GameViewController.m in Sources */,
				EE37BF511D8CBC820054419E /* CFile.c in Sources */,
				EE37BF541D8CEE950054419E /* LinkCAShapeLayer.m in Sources */,
				EE37BF321D8CACA70054419E /* StartViewViewController.m in Sources */,
				EE01786D1D8DFE4900365C1C /* FailViewController.m in Sources */,
				EE37BF381D8CACBD0054419E /* EndViewController.m in Sources */,
				EE096F771D8C8F8000B5958D /* AppDelegate.m in Sources */,
				EE096F741D8C8F8000B5958D /* main.m in Sources */,
			);
			runOnlyForDeploymentPostprocessing = 0;
		};
		EE096F841D8C8F8000B5958D /* Sources */ = {
			isa = PBXSourcesBuildPhase;
			buildActionMask = 2147483647;
			files = (
				EE096F8D1D8C8F8000B5958D /* HackCMUTests.m in Sources */,
			);
			runOnlyForDeploymentPostprocessing = 0;
		};
		EE096F8F1D8C8F8000B5958D /* Sources */ = {
			isa = PBXSourcesBuildPhase;
			buildActionMask = 2147483647;
			files = (
				EE096F981D8C8F8000B5958D /* HackCMUUITests.m in Sources */,
			);
			runOnlyForDeploymentPostprocessing = 0;
		};
/* End PBXSourcesBuildPhase section */

/* Begin PBXTargetDependency section */
		EE096F8A1D8C8F8000B5958D /* PBXTargetDependency */ = {
			isa = PBXTargetDependency;
			target = EE096F6E1D8C8F8000B5958D /* HackCMU */;
			targetProxy = EE096F891D8C8F8000B5958D /* PBXContainerItemProxy */;
		};
		EE096F951D8C8F8000B5958D /* PBXTargetDependency */ = {
			isa = PBXTargetDependency;
			target = EE096F6E1D8C8F8000B5958D /* HackCMU */;
			targetProxy = EE096F941D8C8F8000B5958D /* PBXContainerItemProxy */;
		};
/* End PBXTargetDependency section */

/* Begin PBXVariantGroup section */
		EE096F7B1D8C8F8000B5958D /* Main.storyboard */ = {
			isa = PBXVariantGroup;
			children = (
				EE096F7C1D8C8F8000B5958D /* Base */,
			);
			name = Main.storyboard;
			sourceTree = "<group>";
		};
		EE096F801D8C8F8000B5958D /* LaunchScreen.storyboard */ = {
			isa = PBXVariantGroup;
			children = (
				EE096F811D8C8F8000B5958D /* Base */,
			);
			name = LaunchScreen.storyboard;
			sourceTree = "<group>";
		};
/* End PBXVariantGroup section */

/* Begin XCBuildConfiguration section */
		EE096F9A1D8C8F8000B5958D /* Debug */ = {
			isa = XCBuildConfiguration;
			buildSettings = {
				ALWAYS_SEARCH_USER_PATHS = NO;
				CLANG_ANALYZER_NONNULL = YES;
				CLANG_CXX_LANGUAGE_STANDARD = "gnu++0x";
				CLANG_CXX_LIBRARY = "libc++";
				CLANG_ENABLE_MODULES = YES;
				CLANG_ENABLE_OBJC_ARC = YES;
				CLANG_WARN_BOOL_CONVERSION = YES;
				CLANG_WARN_CONSTANT_CONVERSION = YES;
				CLANG_WARN_DIRECT_OBJC_ISA_USAGE = YES_ERROR;
				CLANG_WARN_EMPTY_BODY = YES;
				CLANG_WARN_ENUM_CONVERSION = YES;
				CLANG_WARN_INT_CONVERSION = YES;
				CLANG_WARN_OBJC_ROOT_CLASS = YES_ERROR;
				CLANG_WARN_UNREACHABLE_CODE = YES;
				CLANG_WARN__DUPLICATE_METHOD_MATCH = YES;
				"CODE_SIGN_IDENTITY[sdk=iphoneos*]" = "iPhone Developer";
				COPY_PHASE_STRIP = NO;
				DEBUG_INFORMATION_FORMAT = dwarf;
				ENABLE_STRICT_OBJC_MSGSEND = YES;
				ENABLE_TESTABILITY = YES;
				GCC_C_LANGUAGE_STANDARD = gnu99;
				GCC_DYNAMIC_NO_PIC = NO;
				GCC_NO_COMMON_BLOCKS = YES;
				GCC_OPTIMIZATION_LEVEL = 0;
				GCC_PREPROCESSOR_DEFINITIONS = (
					"DEBUG=1",
					"$(inherited)",
				);
				GCC_WARN_64_TO_32_BIT_CONVERSION = YES;
				GCC_WARN_ABOUT_RETURN_TYPE = YES_ERROR;
				GCC_WARN_UNDECLARED_SELECTOR = YES;
				GCC_WARN_UNINITIALIZED_AUTOS = YES_AGGRESSIVE;
				GCC_WARN_UNUSED_FUNCTION = YES;
				GCC_WARN_UNUSED_VARIABLE = YES;
				IPHONEOS_DEPLOYMENT_TARGET = 9.3;
				MTL_ENABLE_DEBUG_INFO = YES;
				ONLY_ACTIVE_ARCH = YES;
				SDKROOT = iphoneos;
				TARGETED_DEVICE_FAMILY = "1,2";
			};
			name = Debug;
		};
		EE096F9B1D8C8F8000B5958D /* Release */ = {
			isa = XCBuildConfiguration;
			buildSettings = {
				ALWAYS_SEARCH_USER_PATHS = NO;
				CLANG_ANALYZER_NONNULL = YES;
				CLANG_CXX_LANGUAGE_STANDARD = "gnu++0x";
				CLANG_CXX_LIBRARY = "libc++";
				CLANG_ENABLE_MODULES = YES;
				CLANG_ENABLE_OBJC_ARC = YES;
				CLANG_WARN_BOOL_CONVERSION = YES;
				CLANG_WARN_CONSTANT_CONVERSION = YES;
				CLANG_WARN_DIRECT_OBJC_ISA_USAGE = YES_ERROR;
				CLANG_WARN_EMPTY_BODY = YES;
				CLANG_WARN_ENUM_CONVERSION = YES;
				CLANG_WARN_INT_CONVERSION = YES;
				CLANG_WARN_OBJC_ROOT_CLASS = YES_ERROR;
				CLANG_WARN_UNREACHABLE_CODE = YES;
				CLANG_WARN__DUPLICATE_METHOD_MATCH = YES;
				"CODE_SIGN_IDENTITY[sdk=iphoneos*]" = "iPhone Developer";
				COPY_PHASE_STRIP = NO;
				DEBUG_INFORMATION_FORMAT = "dwarf-with-dsym";
				ENABLE_NS_ASSERTIONS = NO;
				ENABLE_STRICT_OBJC_MSGSEND = YES;
				GCC_C_LANGUAGE_STANDARD = gnu99;
				GCC_NO_COMMON_BLOCKS = YES;
				GCC_WARN_64_TO_32_BIT_CONVERSION = YES;
				GCC_WARN_ABOUT_RETURN_TYPE = YES_ERROR;
				GCC_WARN_UNDECLARED_SELECTOR = YES;
				GCC_WARN_UNINITIALIZED_AUTOS = YES_AGGRESSIVE;
				GCC_WARN_UNUSED_FUNCTION = YES;
				GCC_WARN_UNUSED_VARIABLE = YES;
				IPHONEOS_DEPLOYMENT_TARGET = 9.3;
				MTL_ENABLE_DEBUG_INFO = NO;
				SDKROOT = iphoneos;
				TARGETED_DEVICE_FAMILY = "1,2";
				VALIDATE_PRODUCT = YES;
			};
			name = Release;
		};
		EE096F9D1D8C8F8000B5958D /* Debug */ = {
			isa = XCBuildConfiguration;
			buildSettings = {
				ASSETCATALOG_COMPILER_APPICON_NAME = AppIcon;
				INFOPLIST_FILE = HackCMU/Info.plist;
				LD_RUNPATH_SEARCH_PATHS = "$(inherited) @executable_path/Frameworks";
				PRODUCT_BUNDLE_IDENTIFIER = rdfzicc.HackCMU;
				PRODUCT_NAME = "$(TARGET_NAME)";
			};
			name = Debug;
		};
		EE096F9E1D8C8F8000B5958D /* Release */ = {
			isa = XCBuildConfiguration;
			buildSettings = {
				ASSETCATALOG_COMPILER_APPICON_NAME = AppIcon;
				INFOPLIST_FILE = HackCMU/Info.plist;
				LD_RUNPATH_SEARCH_PATHS = "$(inherited) @executable_path/Frameworks";
				PRODUCT_BUNDLE_IDENTIFIER = rdfzicc.HackCMU;
				PRODUCT_NAME = "$(TARGET_NAME)";
			};
			name = Release;
		};
		EE096FA01D8C8F8000B5958D /* Debug */ = {
			isa = XCBuildConfiguration;
			buildSettings = {
				BUNDLE_LOADER = "$(TEST_HOST)";
				INFOPLIST_FILE = HackCMUTests/Info.plist;
				LD_RUNPATH_SEARCH_PATHS = "$(inherited) @executable_path/Frameworks @loader_path/Frameworks";
				PRODUCT_BUNDLE_IDENTIFIER = rdfzicc.HackCMUTests;
				PRODUCT_NAME = "$(TARGET_NAME)";
				TEST_HOST = "$(BUILT_PRODUCTS_DIR)/HackCMU.app/HackCMU";
			};
			name = Debug;
		};
		EE096FA11D8C8F8000B5958D /* Release */ = {
			isa = XCBuildConfiguration;
			buildSettings = {
				BUNDLE_LOADER = "$(TEST_HOST)";
				INFOPLIST_FILE = HackCMUTests/Info.plist;
				LD_RUNPATH_SEARCH_PATHS = "$(inherited) @executable_path/Frameworks @loader_path/Frameworks";
				PRODUCT_BUNDLE_IDENTIFIER = rdfzicc.HackCMUTests;
				PRODUCT_NAME = "$(TARGET_NAME)";
				TEST_HOST = "$(BUILT_PRODUCTS_DIR)/HackCMU.app/HackCMU";
			};
			name = Release;
		};
		EE096FA31D8C8F8000B5958D /* Debug */ = {
			isa = XCBuildConfiguration;
			buildSettings = {
				INFOPLIST_FILE = HackCMUUITests/Info.plist;
				LD_RUNPATH_SEARCH_PATHS = "$(inherited) @executable_path/Frameworks @loader_path/Frameworks";
				PRODUCT_BUNDLE_IDENTIFIER = rdfzicc.HackCMUUITests;
				PRODUCT_NAME = "$(TARGET_NAME)";
				TEST_TARGET_NAME = HackCMU;
			};
			name = Debug;
		};
		EE096FA41D8C8F8000B5958D /* Release */ = {
			isa = XCBuildConfiguration;
			buildSettings = {
				INFOPLIST_FILE = HackCMUUITests/Info.plist;
				LD_RUNPATH_SEARCH_PATHS = "$(inherited) @executable_path/Frameworks @loader_path/Frameworks";
				PRODUCT_BUNDLE_IDENTIFIER = rdfzicc.HackCMUUITests;
				PRODUCT_NAME = "$(TARGET_NAME)";
				TEST_TARGET_NAME = HackCMU;
			};
			name = Release;
		};
/* End XCBuildConfiguration section */

/* Begin XCConfigurationList section */
		EE096F6A1D8C8F8000B5958D /* Build configuration list for PBXProject "HackCMU" */ = {
			isa = XCConfigurationList;
			buildConfigurations = (
				EE096F9A1D8C8F8000B5958D /* Debug */,
				EE096F9B1D8C8F8000B5958D /* Release */,
			);
			defaultConfigurationIsVisible = 0;
			defaultConfigurationName = Release;
		};
		EE096F9C1D8C8F8000B5958D /* Build configuration list for PBXNativeTarget "HackCMU" */ = {
			isa = XCConfigurationList;
			buildConfigurations = (
				EE096F9D1D8C8F8000B5958D /* Debug */,
				EE096F9E1D8C8F8000B5958D /* Release */,
			);
			defaultConfigurationIsVisible = 0;
			defaultConfigurationName = Release;
		};
		EE096F9F1D8C8F8000B5958D /* Build configuration list for PBXNativeTarget "HackCMUTests" */ = {
			isa = XCConfigurationList;
			buildConfigurations = (
				EE096FA01D8C8F8000B5958D /* Debug */,
				EE096FA11D8C8F8000B5958D /* Release */,
			);
			defaultConfigurationIsVisible = 0;
			defaultConfigurationName = Release;
		};
		EE096FA21D8C8F8000B5958D /* Build configuration list for PBXNativeTarget "HackCMUUITests" */ = {
			isa = XCConfigurationList;
			buildConfigurations = (
				EE096FA31D8C8F8000B5958D /* Debug */,
				EE096FA41D8C8F8000B5958D /* Release */,
			);
			defaultConfigurationIsVisible = 0;
			defaultConfigurationName = Release;
		};
/* End XCConfigurationList section */
	};
	rootObject = EE096F671D8C8F8000B5958D /* Project object */;
}
